
Microsoft Visual Studio Solution File, Format Version 12.00
# Visual Studio 15
VisualStudioVersion = 15.0.28307.329
MinimumVisualStudioVersion = 10.0.40219.1
Project("{FAE04EC0-301F-11D3-BF4B-00C04F79EFBC}") = "HonorServer", "HonorServer\HonorServer.csproj", "{CA10E0BE-E07F-4CC3-8456-0CDFDBF80914}"
EndProject
Global
	GlobalSection(SolutionConfigurationPlatforms) = preSolution
		Debug|Any CPU = Debug|Any CPU
		Release|Any CPU = Release|Any CPU
	EndGlobalSection
	GlobalSection(ProjectConfigurationPlatforms) = postSolution
		{CA10E0BE-E07F-4CC3-8456-0CDFDBF80914}.Debug|Any CPU.ActiveCfg = Debug|Any CPU
		{CA10E0BE-E07F-4CC3-8456-0CDFDBF80914}.Debug|Any CPU.Build.0 = Debug|Any CPU
		{CA10E0BE-E07F-4CC3-8456-0CDFDBF80914}.Release|Any CPU.ActiveCfg = Release|Any CPU
		{CA10E0BE-E07F-4CC3-8456-0CDFDBF80914}.Release|Any CPU.Build.0 = Release|Any CPU
	EndGlobalSection
	GlobalSection(SolutionProperties) = preSolution
		HideSolutionNode = FALSE
	EndGlobalSection
	GlobalSection(ExtensibilityGlobals) = postSolution
		SolutionGuid = {E731E009-8624-4E51-8A8F-C3B537DD993B}
	EndGlobalSection
EndGlobal
